
Microsoft Visual Studio Solution File, Format Version 12.00
# Visual Studio Version 16
VisualStudioVersion = 16.0.30621.155
MinimumVisualStudioVersion = 10.0.40219.1
Project("{FAE04EC0-301F-11D3-BF4B-00C04F79EFBC}") = "WcfService1", "WcfService1.csproj", "{F52B7D32-5A91-4A69-BC19-BCBE9CF019BA}"
EndProject
Global
	GlobalSection(SolutionConfigurationPlatforms) = preSolution
		Debug|Any CPU = Debug|Any CPU
		Release|Any CPU = Release|Any CPU
	EndGlobalSection
	GlobalSection(ProjectConfigurationPlatforms) = postSolution
		{F52B7D32-5A91-4A69-BC19-BCBE9CF019BA}.Debug|Any CPU.ActiveCfg = Debug|Any CPU
		{F52B7D32-5A91-4A69-BC19-BCBE9CF019BA}.Debug|Any CPU.Build.0 = Debug|Any CPU
		{F52B7D32-5A91-4A69-BC19-BCBE9CF019BA}.Release|Any CPU.ActiveCfg = Release|Any CPU
		{F52B7D32-5A91-4A69-BC19-BCBE9CF019BA}.Release|Any CPU.Build.0 = Release|Any CPU
	EndGlobalSection
	GlobalSection(SolutionProperties) = preSolution
		HideSolutionNode = FALSE
	EndGlobalSection
	GlobalSection(ExtensibilityGlobals) = postSolution
		SolutionGuid = {6F33B3BA-C59C-4E58-A96E-FBE638F14546}
	EndGlobalSection
EndGlobal
